
Microsoft Visual Studio Solution File, Format Version 12.00
# Visual Studio Version 17
VisualStudioVersion = 17.9.34616.47
MinimumVisualStudioVersion = 10.0.40219.1
Project("{FAE04EC0-301F-11D3-BF4B-00C04F79EFBC}") = "MagicVilla_VillaAPI", "MagicVilla_VillaAPI\MagicVilla_VillaAPI.csproj", "{8A7E2147-8733-41C8-B405-3D80C7E1A813}"
EndProject
Global
	GlobalSection(SolutionConfigurationPlatforms) = preSolution
		Debug|Any CPU = Debug|Any CPU
		Release|Any CPU = Release|Any CPU
	EndGlobalSection
	GlobalSection(ProjectConfigurationPlatforms) = postSolution
		{8A7E2147-8733-41C8-B405-3D80C7E1A813}.Debug|Any CPU.ActiveCfg = Debug|Any CPU
		{8A7E2147-8733-41C8-B405-3D80C7E1A813}.Debug|Any CPU.Build.0 = Debug|Any CPU
		{8A7E2147-8733-41C8-B405-3D80C7E1A813}.Release|Any CPU.ActiveCfg = Release|Any CPU
		{8A7E2147-8733-41C8-B405-3D80C7E1A813}.Release|Any CPU.Build.0 = Release|Any CPU
	EndGlobalSection
	GlobalSection(SolutionProperties) = preSolution
		HideSolutionNode = FALSE
	EndGlobalSection
	GlobalSection(ExtensibilityGlobals) = postSolution
		SolutionGuid = {29AB0E4C-E631-408D-8D48-B4D9243DCB45}
	EndGlobalSection
EndGlobal
